// !$*UTF8*$!
{
	archiveVersion = 1;
	classes = {
	};
	objectVersion = 46;
	objects = {

/* Begin PBXBuildFile section */
		489DB3211A8C2E6B006E5405 /* AppDelegate.swift in Sources */ = {isa = PBXBuildFile; fileRef = 489DB3201A8C2E6B006E5405 /* AppDelegate.swift */; };
		489DB3231A8C2E6B006E5405 /* FirstViewController.swift in Sources */ = {isa = PBXBuildFile; fileRef = 489DB3221A8C2E6B006E5405 /* FirstViewController.swift */; };
		489DB3251A8C2E6B006E5405 /* MapViewController.swift in Sources */ = {isa = PBXBuildFile; fileRef = 489DB3241A8C2E6B006E5405 /* MapViewController.swift */; };
		489DB3281A8C2E6B006E5405 /* Main.storyboard in Resources */ = {isa = PBXBuildFile; fileRef = 489DB3261A8C2E6B006E5405 /* Main.storyboard */; };
		489DB32A1A8C2E6B006E5405 /* Images.xcassets in Resources */ = {isa = PBXBuildFile; fileRef = 489DB3291A8C2E6B006E5405 /* Images.xcassets */; };
		489DB32D1A8C2E6B006E5405 /* LaunchScreen.xib in Resources */ = {isa = PBXBuildFile; fileRef = 489DB32B1A8C2E6B006E5405 /* LaunchScreen.xib */; };
		489DB3391A8C2E6B006E5405 /* crumbs_iosTests.swift in Sources */ = {isa = PBXBuildFile; fileRef = 489DB3381A8C2E6B006E5405 /* crumbs_iosTests.swift */; };
		489DB3431A8C3255006E5405 /* MapKit.framework in Frameworks */ = {isa = PBXBuildFile; fileRef = 489DB3421A8C3255006E5405 /* MapKit.framework */; };
/* End PBXBuildFile section */

/* Begin PBXContainerItemProxy section */
		489DB3331A8C2E6B006E5405 /* PBXContainerItemProxy */ = {
			isa = PBXContainerItemProxy;
			containerPortal = 489DB3131A8C2E6B006E5405 /* Project object */;
			proxyType = 1;
			remoteGlobalIDString = 489DB31A1A8C2E6B006E5405;
			remoteInfo = "crumbs-ios";
		};
/* End PBXContainerItemProxy section */

/* Begin PBXFileReference section */
		489DB31B1A8C2E6B006E5405 /* crumbs-ios.app */ = {isa = PBXFileReference; explicitFileType = wrapper.application; includeInIndex = 0; path = "crumbs-ios.app"; sourceTree = BUILT_PRODUCTS_DIR; };
		489DB31F1A8C2E6B006E5405 /* Info.plist */ = {isa = PBXFileReference; lastKnownFileType = text.plist.xml; path = Info.plist; sourceTree = "<group>"; };
		489DB3201A8C2E6B006E5405 /* AppDelegate.swift */ = {isa = PBXFileReference; lastKnownFileType = sourcecode.swift; path = AppDelegate.swift; sourceTree = "<group>"; };
		489DB3221A8C2E6B006E5405 /* FirstViewController.swift */ = {isa = PBXFileReference; lastKnownFileType = sourcecode.swift; path = FirstViewController.swift; sourceTree = "<group>"; };
		489DB3241A8C2E6B006E5405 /* MapViewController.swift */ = {isa = PBXFileReference; lastKnownFileType = sourcecode.swift; path = MapViewController.swift; sourceTree = "<group>"; };
		489DB3271A8C2E6B006E5405 /* Base */ = {isa = PBXFileReference; lastKnownFileType = file.storyboard; name = Base; path = Base.lproj/Main.storyboard; sourceTree = "<group>"; };
		489DB3291A8C2E6B006E5405 /* Images.xcassets */ = {isa = PBXFileReference; lastKnownFileType = folder.assetcatalog; path = Images.xcassets; sourceTree = "<group>"; };
		489DB32C1A8C2E6B006E5405 /* Base */ = {isa = PBXFileReference; lastKnownFileType = file.xib; name = Base; path = Base.lproj/LaunchScreen.xib; sourceTree = "<group>"; };
		489DB3321A8C2E6B006E5405 /* crumbs-iosTests.xctest */ = {isa = PBXFileReference; explicitFileType = wrapper.cfbundle; includeInIndex = 0; path = "crumbs-iosTests.xctest"; sourceTree = BUILT_PRODUCTS_DIR; };
		489DB3371A8C2E6B006E5405 /* Info.plist */ = {isa = PBXFileReference; lastKnownFileType = text.plist.xml; path = Info.plist; sourceTree = "<group>"; };
		489DB3381A8C2E6B006E5405 /* crumbs_iosTests.swift */ = {isa = PBXFileReference; lastKnownFileType = sourcecode.swift; path = crumbs_iosTests.swift; sourceTree = "<group>"; };
		489DB3421A8C3255006E5405 /* MapKit.framework */ = {isa = PBXFileReference; lastKnownFileType = wrapper.framework; name = MapKit.framework; path = System/Library/Frameworks/MapKit.framework; sourceTree = SDKROOT; };
/* End PBXFileReference section */

/* Begin PBXFrameworksBuildPhase section */
		489DB3181A8C2E6B006E5405 /* Frameworks */ = {
			isa = PBXFrameworksBuildPhase;
			buildActionMask = 2147483647;
			files = (
				489DB3431A8C3255006E5405 /* MapKit.framework in Frameworks */,
			);
			runOnlyForDeploymentPostprocessing = 0;
		};
		489DB32F1A8C2E6B006E5405 /* Frameworks */ = {
			isa = PBXFrameworksBuildPhase;
			buildActionMask = 2147483647;
			files = (
			);
			runOnlyForDeploymentPostprocessing = 0;
		};
/* End PBXFrameworksBuildPhase section */

/* Begin PBXGroup section */
		489DB3121A8C2E6B006E5405 = {
			isa = PBXGroup;
			children = (
				489DB3421A8C3255006E5405 /* MapKit.framework */,
				489DB31D1A8C2E6B006E5405 /* crumbs-ios */,
				489DB3351A8C2E6B006E5405 /* crumbs-iosTests */,
				489DB31C1A8C2E6B006E5405 /* Products */,
			);
			sourceTree = "<group>";
		};
		489DB31C1A8C2E6B006E5405 /* Products */ = {
			isa = PBXGroup;
			children = (
				489DB31B1A8C2E6B006E5405 /* crumbs-ios.app */,
				489DB3321A8C2E6B006E5405 /* crumbs-iosTests.xctest */,
			);
			name = Products;
			sourceTree = "<group>";
		};
		489DB31D1A8C2E6B006E5405 /* crumbs-ios */ = {
			isa = PBXGroup;
			children = (
				489DB3201A8C2E6B006E5405 /* AppDelegate.swift */,
				489DB3221A8C2E6B006E5405 /* FirstViewController.swift */,
				489DB3241A8C2E6B006E5405 /* MapViewController.swift */,
				489DB3261A8C2E6B006E5405 /* Main.storyboard */,
				489DB3291A8C2E6B006E5405 /* Images.xcassets */,
				489DB32B1A8C2E6B006E5405 /* LaunchScreen.xib */,
				489DB31E1A8C2E6B006E5405 /* Supporting Files */,
			);
			path = "crumbs-ios";
			sourceTree = "<group>";
		};
		489DB31E1A8C2E6B006E5405 /* Supporting Files */ = {
			isa = PBXGroup;
			children = (
				489DB31F1A8C2E6B006E5405 /* Info.plist */,
			);
			name = "Supporting Files";
			sourceTree = "<group>";
		};
		489DB3351A8C2E6B006E5405 /* crumbs-iosTests */ = {
			isa = PBXGroup;
			children = (
				489DB3381A8C2E6B006E5405 /* crumbs_iosTests.swift */,
				489DB3361A8C2E6B006E5405 /* Supporting Files */,
			);
			path = "crumbs-iosTests";
			sourceTree = "<group>";
		};
		489DB3361A8C2E6B006E5405 /* Supporting Files */ = {
			isa = PBXGroup;
			children = (
				489DB3371A8C2E6B006E5405 /* Info.plist */,
			);
			name = "Supporting Files";
			sourceTree = "<group>";
		};
/* End PBXGroup section */

/* Begin PBXNativeTarget section */
		489DB31A1A8C2E6B006E5405 /* crumbs-ios */ = {
			isa = PBXNativeTarget;
			buildConfigurationList = 489DB33C1A8C2E6B006E5405 /* Build configuration list for PBXNativeTarget "crumbs-ios" */;
			buildPhases = (
				489DB3171A8C2E6B006E5405 /* Sources */,
				489DB3181A8C2E6B006E5405 /* Frameworks */,
				489DB3191A8C2E6B006E5405 /* Resources */,
			);
			buildRules = (
			);
			dependencies = (
			);
			name = "crumbs-ios";
			productName = "crumbs-ios";
			productReference = 489DB31B1A8C2E6B006E5405 /* crumbs-ios.app */;
			productType = "com.apple.product-type.application";
		};
		489DB3311A8C2E6B006E5405 /* crumbs-iosTests */ = {
			isa = PBXNativeTarget;
			buildConfigurationList = 489DB33F1A8C2E6B006E5405 /* Build configuration list for PBXNativeTarget "crumbs-iosTests" */;
			buildPhases = (
				489DB32E1A8C2E6B006E5405 /* Sources */,
				489DB32F1A8C2E6B006E5405 /* Frameworks */,
				489DB3301A8C2E6B006E5405 /* Resources */,
			);
			buildRules = (
			);
			dependencies = (
				489DB3341A8C2E6B006E5405 /* PBXTargetDependency */,
			);
			name = "crumbs-iosTests";
			productName = "crumbs-iosTests";
			productReference = 489DB3321A8C2E6B006E5405 /* crumbs-iosTests.xctest */;
			productType = "com.apple.product-type.bundle.unit-test";
		};
/* End PBXNativeTarget section */

/* Begin PBXProject section */
		489DB3131A8C2E6B006E5405 /* Project object */ = {
			isa = PBXProject;
			attributes = {
				LastUpgradeCheck = 0610;
				ORGANIZATIONNAME = "Christopher Trevino";
				TargetAttributes = {
					489DB31A1A8C2E6B006E5405 = {
						CreatedOnToolsVersion = 6.1.1;
					};
					489DB3311A8C2E6B006E5405 = {
						CreatedOnToolsVersion = 6.1.1;
						TestTargetID = 489DB31A1A8C2E6B006E5405;
					};
				};
			};
			buildConfigurationList = 489DB3161A8C2E6B006E5405 /* Build configuration list for PBXProject "crumbs-ios" */;
			compatibilityVersion = "Xcode 3.2";
			developmentRegion = English;
			hasScannedForEncodings = 0;
			knownRegions = (
				en,
				Base,
			);
			mainGroup = 489DB3121A8C2E6B006E5405;
			productRefGroup = 489DB31C1A8C2E6B006E5405 /* Products */;
			projectDirPath = "";
			projectRoot = "";
			targets = (
				489DB31A1A8C2E6B006E5405 /* crumbs-ios */,
				489DB3311A8C2E6B006E5405 /* crumbs-iosTests */,
			);
		};
/* End PBXProject section */

/* Begin PBXResourcesBuildPhase section */
		489DB3191A8C2E6B006E5405 /* Resources */ = {
			isa = PBXResourcesBuildPhase;
			buildActionMask = 2147483647;
			files = (
				489DB3281A8C2E6B006E5405 /* Main.storyboard in Resources */,
				489DB32D1A8C2E6B006E5405 /* LaunchScreen.xib in Resources */,
				489DB32A1A8C2E6B006E5405 /* Images.xcassets in Resources */,
			);
			runOnlyForDeploymentPostprocessing = 0;
		};
		489DB3301A8C2E6B006E5405 /* Resources */ = {
			isa = PBXResourcesBuildPhase;
			buildActionMask = 2147483647;
			files = (
			);
			runOnlyForDeploymentPostprocessing = 0;
		};
/* End PBXResourcesBuildPhase section */

/* Begin PBXSourcesBuildPhase section */
		489DB3171A8C2E6B006E5405 /* Sources */ = {
			isa = PBXSourcesBuildPhase;
			buildActionMask = 2147483647;
			files = (
				489DB3251A8C2E6B006E5405 /* MapViewController.swift in Sources */,
				489DB3211A8C2E6B006E5405 /* AppDelegate.swift in Sources */,
				489DB3231A8C2E6B006E5405 /* FirstViewController.swift in Sources */,
			);
			runOnlyForDeploymentPostprocessing = 0;
		};
		489DB32E1A8C2E6B006E5405 /* Sources */ = {
			isa = PBXSourcesBuildPhase;
			buildActionMask = 2147483647;
			files = (
				489DB3391A8C2E6B006E5405 /* crumbs_iosTests.swift in Sources */,
			);
			runOnlyForDeploymentPostprocessing = 0;
		};
/* End PBXSourcesBuildPhase section */

/* Begin PBXTargetDependency section */
		489DB3341A8C2E6B006E5405 /* PBXTargetDependency */ = {
			isa = PBXTargetDependency;
			target = 489DB31A1A8C2E6B006E5405 /* crumbs-ios */;
			targetProxy = 489DB3331A8C2E6B006E5405 /* PBXContainerItemProxy */;
		};
/* End PBXTargetDependency section */

/* Begin PBXVariantGroup section */
		489DB3261A8C2E6B006E5405 /* Main.storyboard */ = {
			isa = PBXVariantGroup;
			children = (
				489DB3271A8C2E6B006E5405 /* Base */,
			);
			name = Main.storyboard;
			sourceTree = "<group>";
		};
		489DB32B1A8C2E6B006E5405 /* LaunchScreen.xib */ = {
			isa = PBXVariantGroup;
			children = (
				489DB32C1A8C2E6B006E5405 /* Base */,
			);
			name = LaunchScreen.xib;
			sourceTree = "<group>";
		};
/* End PBXVariantGroup section */

/* Begin XCBuildConfiguration section */
		489DB33A1A8C2E6B006E5405 /* Debug */ = {
			isa = XCBuildConfiguration;
			buildSettings = {
				ALWAYS_SEARCH_USER_PATHS = NO;
				CLANG_CXX_LANGUAGE_STANDARD = "gnu++0x";
				CLANG_CXX_LIBRARY = "libc++";
				CLANG_ENABLE_MODULES = YES;
				CLANG_ENABLE_OBJC_ARC = YES;
				CLANG_WARN_BOOL_CONVERSION = YES;
				CLANG_WARN_CONSTANT_CONVERSION = YES;
				CLANG_WARN_DIRECT_OBJC_ISA_USAGE = YES_ERROR;
				CLANG_WARN_EMPTY_BODY = YES;
				CLANG_WARN_ENUM_CONVERSION = YES;
				CLANG_WARN_INT_CONVERSION = YES;
				CLANG_WARN_OBJC_ROOT_CLASS = YES_ERROR;
				CLANG_WARN_UNREACHABLE_CODE = YES;
				CLANG_WARN__DUPLICATE_METHOD_MATCH = YES;
				"CODE_SIGN_IDENTITY[sdk=iphoneos*]" = "iPhone Developer";
				COPY_PHASE_STRIP = NO;
				ENABLE_STRICT_OBJC_MSGSEND = YES;
				GCC_C_LANGUAGE_STANDARD = gnu99;
				GCC_DYNAMIC_NO_PIC = NO;
				GCC_OPTIMIZATION_LEVEL = 0;
				GCC_PREPROCESSOR_DEFINITIONS = (
					"DEBUG=1",
					"$(inherited)",
				);
				GCC_SYMBOLS_PRIVATE_EXTERN = NO;
				GCC_WARN_64_TO_32_BIT_CONVERSION = YES;
				GCC_WARN_ABOUT_RETURN_TYPE = YES_ERROR;
				GCC_WARN_UNDECLARED_SELECTOR = YES;
				GCC_WARN_UNINITIALIZED_AUTOS = YES_AGGRESSIVE;
				GCC_WARN_UNUSED_FUNCTION = YES;
				GCC_WARN_UNUSED_VARIABLE = YES;
				IPHONEOS_DEPLOYMENT_TARGET = 8.1;
				MTL_ENABLE_DEBUG_INFO = YES;
				ONLY_ACTIVE_ARCH = YES;
				SDKROOT = iphoneos;
				SWIFT_OPTIMIZATION_LEVEL = "-Onone";
			};
			name = Debug;
		};
		489DB33B1A8C2E6B006E5405 /* Release */ = {
			isa = XCBuildConfiguration;
			buildSettings = {
				ALWAYS_SEARCH_USER_PATHS = NO;
				CLANG_CXX_LANGUAGE_STANDARD = "gnu++0x";
				CLANG_CXX_LIBRARY = "libc++";
				CLANG_ENABLE_MODULES = YES;
				CLANG_ENABLE_OBJC_ARC = YES;
				CLANG_WARN_BOOL_CONVERSION = YES;
				CLANG_WARN_CONSTANT_CONVERSION = YES;
				CLANG_WARN_DIRECT_OBJC_ISA_USAGE = YES_ERROR;
				CLANG_WARN_EMPTY_BODY = YES;
				CLANG_WARN_ENUM_CONVERSION = YES;
				CLANG_WARN_INT_CONVERSION = YES;
				CLANG_WARN_OBJC_ROOT_CLASS = YES_ERROR;
				CLANG_WARN_UNREACHABLE_CODE = YES;
				CLANG_WARN__DUPLICATE_METHOD_MATCH = YES;
				"CODE_SIGN_IDENTITY[sdk=iphoneos*]" = "iPhone Developer";
				COPY_PHASE_STRIP = YES;
				ENABLE_NS_ASSERTIONS = NO;
				ENABLE_STRICT_OBJC_MSGSEND = YES;
				GCC_C_LANGUAGE_STANDARD = gnu99;
				GCC_WARN_64_TO_32_BIT_CONVERSION = YES;
				GCC_WARN_ABOUT_RETURN_TYPE = YES_ERROR;
				GCC_WARN_UNDECLARED_SELECTOR = YES;
				GCC_WARN_UNINITIALIZED_AUTOS = YES_AGGRESSIVE;
				GCC_WARN_UNUSED_FUNCTION = YES;
				GCC_WARN_UNUSED_VARIABLE = YES;
				IPHONEOS_DEPLOYMENT_TARGET = 8.1;
				MTL_ENABLE_DEBUG_INFO = NO;
				SDKROOT = iphoneos;
				VALIDATE_PRODUCT = YES;
			};
			name = Release;
		};
		489DB33D1A8C2E6B006E5405 /* Debug */ = {
			isa = XCBuildConfiguration;
			buildSettings = {
				ASSETCATALOG_COMPILER_APPICON_NAME = AppIcon;
				INFOPLIST_FILE = "crumbs-ios/Info.plist";
				LD_RUNPATH_SEARCH_PATHS = "$(inherited) @executable_path/Frameworks";
				PRODUCT_NAME = "$(TARGET_NAME)";
			};
			name = Debug;
		};
		489DB33E1A8C2E6B006E5405 /* Release */ = {
			isa = XCBuildConfiguration;
			buildSettings = {
				ASSETCATALOG_COMPILER_APPICON_NAME = AppIcon;
				INFOPLIST_FILE = "crumbs-ios/Info.plist";
				LD_RUNPATH_SEARCH_PATHS = "$(inherited) @executable_path/Frameworks";
				PRODUCT_NAME = "$(TARGET_NAME)";
			};
			name = Release;
		};
		489DB3401A8C2E6B006E5405 /* Debug */ = {
			isa = XCBuildConfiguration;
			buildSettings = {
				BUNDLE_LOADER = "$(TEST_HOST)";
				FRAMEWORK_SEARCH_PATHS = (
					"$(SDKROOT)/Developer/Library/Frameworks",
					"$(inherited)",
				);
				GCC_PREPROCESSOR_DEFINITIONS = (
					"DEBUG=1",
					"$(inherited)",
				);
				INFOPLIST_FILE = "crumbs-iosTests/Info.plist";
				LD_RUNPATH_SEARCH_PATHS = "$(inherited) @executable_path/Frameworks @loader_path/Frameworks";
				PRODUCT_NAME = "$(TARGET_NAME)";
				TEST_HOST = "$(BUILT_PRODUCTS_DIR)/crumbs-ios.app/crumbs-ios";
			};
			name = Debug;
		};
		489DB3411A8C2E6B006E5405 /* Release */ = {
			isa = XCBuildConfiguration;
			buildSettings = {
				BUNDLE_LOADER = "$(TEST_HOST)";
				FRAMEWORK_SEARCH_PATHS = (
					"$(SDKROOT)/Developer/Library/Frameworks",
					"$(inherited)",
				);
				INFOPLIST_FILE = "crumbs-iosTests/Info.plist";
				LD_RUNPATH_SEARCH_PATHS = "$(inherited) @executable_path/Frameworks @loader_path/Frameworks";
				PRODUCT_NAME = "$(TARGET_NAME)";
				TEST_HOST = "$(BUILT_PRODUCTS_DIR)/crumbs-ios.app/crumbs-ios";
			};
			name = Release;
		};
/* End XCBuildConfiguration section */

/* Begin XCConfigurationList section */
		489DB3161A8C2E6B006E5405 /* Build configuration list for PBXProject "crumbs-ios" */ = {
			isa = XCConfigurationList;
			buildConfigurations = (
				489DB33A1A8C2E6B006E5405 /* Debug */,
				489DB33B1A8C2E6B006E5405 /* Release */,
			);
			defaultConfigurationIsVisible = 0;
			defaultConfigurationName = Release;
		};
		489DB33C1A8C2E6B006E5405 /* Build configuration list for PBXNativeTarget "crumbs-ios" */ = {
			isa = XCConfigurationList;
			buildConfigurations = (
				489DB33D1A8C2E6B006E5405 /* Debug */,
				489DB33E1A8C2E6B006E5405 /* Release */,
			);
			defaultConfigurationIsVisible = 0;
		};
		489DB33F1A8C2E6B006E5405 /* Build configuration list for PBXNativeTarget "crumbs-iosTests" */ = {
			isa = XCConfigurationList;
			buildConfigurations = (
				489DB3401A8C2E6B006E5405 /* Debug */,
				489DB3411A8C2E6B006E5405 /* Release */,
			);
			defaultConfigurationIsVisible = 0;
		};
/* End XCConfigurationList section */
	};
	rootObject = 489DB3131A8C2E6B006E5405 /* Project object */;
}
